# This file is autogenerated, do not edit; changes may be undone by the next 'dep ensure'.


[[projects]]
  branch = "master"
  name = "github.com/bitrise-io/go-utils"
  packages = ["colorstring","command","command/rubyscript","errorutil","fileutil","log","pathutil","pkcs12","pkcs12/internal/rc2"]
  revision = "961320f9011cedf55e1da0578949bf63450a96c0"

[[projects]]
  branch = "master"
  name = "github.com/bitrise-io/steps-certificate-and-profile-installer"
  packages = ["certificateutil","profileutil"]
  revision = "77287ae5704d9f14e902826b8ce5788264eb1e88"

[[projects]]
  branch = "master"
  name = "github.com/bitrise-tools/go-xcode"
  packages = ["exportoptions","models","plistutil","provisioningprofile","utility","xcarchive","xcodebuild","xcodeproj","xcpretty"]
  revision = "c20a612162c12f29d2a80a231ac2a9b4026c00d6"

[[projects]]
  branch = "master"
  name = "github.com/fullsailor/pkcs7"
  packages = ["."]
  revision = "a009d8d7de53d9503c797cb8ec66fa3b21eed209"

[[projects]]
  branch = "master"
  name = "github.com/hashicorp/go-version"
  packages = ["."]
  revision = "fc61389e27c71d120f87031ca8c88a3428f372dd"

[[projects]]
  branch = "master"
  name = "github.com/kballard/go-shellquote"
  packages = ["."]
  revision = "cd60e84ee657ff3dc51de0b4f55dd299a3e136f2"

[[projects]]
  name = "github.com/pkg/errors"
  packages = ["."]
  revision = "645ef00459ed84a119197bfb8d8205042c6df63d"
  version = "v0.8.0"

[[projects]]
  branch = "master"
  name = "github.com/ryanuber/go-glob"
  packages = ["."]
  revision = "256dc444b735e061061cf46c809487313d5b0065"

[[projects]]
  branch = "master"
  name = "howett.net/plist"
  packages = ["."]
  revision = "f00f32b327ca6ad11a7c53d9ccc34d031b3795b8"

[solve-meta]
  analyzer-name = "dep"
  analyzer-version = 1
  inputs-digest = "4d3b94cb119272540c398eab106a4cb3f414d10a84c5fb9b43e27c3f5dbc90b4"
  solver-name = "gps-cdcl"
  solver-version = 1
