# This file is autogenerated, do not edit; changes may be undone by the next 'dep ensure'.


[[projects]]
  branch = "master"
  digest = "1:6083fc4e90fe661aad326c42fa16fb85774cb55711560d1208c82ff290534836"
  name = "github.com/bitrise-io/go-utils"
  packages = [
    "colorstring",
    "command",
    "command/rubycommand",
    "errorutil",
    "fileutil",
    "log",
    "pathutil",
    "pkcs12",
    "pkcs12/internal/rc2",
    "sliceutil",
    "stringutil",
  ]
  pruneopts = ""
  revision = "2a09aab8380d7842750328aebd5671bcccea89c8"

[[projects]]
  branch = "master"
  digest = "1:3511df2e558e2755b01ce5670ddc536fa031e63e5b4974bb0f35aac53704f06e"
  name = "github.com/bitrise-tools/go-steputils"
  packages = ["input"]
  pruneopts = ""
  revision = "ec226b2359fcd806be64f0ad2217d8e741a1ff11"

[[projects]]
  branch = "master"
  digest = "1:1bf3bf5167d9a8caa0a3e3e5c62cc59e1bff66c446eebc43929d4ee600ac425e"
  name = "github.com/bitrise-tools/go-xcode"
  packages = [
    "certificateutil",
    "export",
    "exportoptions",
    "models",
    "plistutil",
    "profileutil",
    "utility",
    "xcarchive",
    "xcodebuild",
    "xcpretty",
  ]
  pruneopts = ""
  revision = "82aa5ad881aad17afd7b73af03dabc4ef89b8a53"

[[projects]]
  branch = "master"
  digest = "1:3913b50970ff06df2bf408645fc96f2cd9e46e88029167f941601217bc33e888"
  name = "github.com/bitrise-tools/xcode-project"
  packages = [
    "serialized",
    "xcodebuild",
    "xcodeproj",
    "xcscheme",
    "xcworkspace",
  ]
  pruneopts = ""
  revision = "fa60a59db68493e9e756aa4bbee18966dc1dc9a0"

[[projects]]
  branch = "master"
  digest = "1:e048ea497a949a07065a2076746a43629df92f2439ae5e2c476d1eb700052fa7"
  name = "github.com/fullsailor/pkcs7"
  packages = ["."]
  pruneopts = ""
  revision = "8306686428a5fe132eac8cb7c4848af725098bd4"

[[projects]]
  digest = "1:8c7fb7f81c06add10a17362abc1ae569ff9765a26c061c6b6e67c909f4f414db"
  name = "github.com/hashicorp/go-version"
  packages = ["."]
  pruneopts = ""
  revision = "b5a281d3160aa11950a6182bd9a9dc2cb1e02d50"
  version = "v1.0.0"

[[projects]]
  branch = "master"
  digest = "1:63e7368fcf6b54804076eaec26fd9cf0c4466166b272393db4b93102e1e962df"
  name = "github.com/kballard/go-shellquote"
  packages = ["."]
  pruneopts = ""
  revision = "95032a82bc518f77982ea72343cc1ade730072f0"

[[projects]]
  digest = "1:7365acd48986e205ccb8652cc746f09c8b7876030d53710ea6ef7d0bd0dcd7ca"
  name = "github.com/pkg/errors"
  packages = ["."]
  pruneopts = ""
  revision = "645ef00459ed84a119197bfb8d8205042c6df63d"
  version = "v0.8.0"

[[projects]]
  branch = "master"
  digest = "1:98891c206223fa262569ea196faad59d2c169de675e74796030524eea327ed7d"
  name = "github.com/ryanuber/go-glob"
  packages = ["."]
  pruneopts = ""
  revision = "256dc444b735e061061cf46c809487313d5b0065"

[[projects]]
  branch = "master"
  digest = "1:e43acd1190dde7223727f1f8aeac537156d33bf87776d5637e672e1c6b354be4"
  name = "howett.net/plist"
  packages = ["."]
  pruneopts = ""
  revision = "591f970eefbbeb04d7b37f334a0c4c3256e32876"

[solve-meta]
  analyzer-name = "dep"
  analyzer-version = 1
  input-imports = [
    "github.com/bitrise-io/go-utils/colorstring",
    "github.com/bitrise-io/go-utils/command",
    "github.com/bitrise-io/go-utils/errorutil",
    "github.com/bitrise-io/go-utils/fileutil",
    "github.com/bitrise-io/go-utils/log",
    "github.com/bitrise-io/go-utils/pathutil",
    "github.com/bitrise-io/go-utils/sliceutil",
    "github.com/bitrise-io/go-utils/stringutil",
    "github.com/bitrise-tools/go-steputils/input",
    "github.com/bitrise-tools/go-xcode/certificateutil",
    "github.com/bitrise-tools/go-xcode/export",
    "github.com/bitrise-tools/go-xcode/exportoptions",
    "github.com/bitrise-tools/go-xcode/plistutil",
    "github.com/bitrise-tools/go-xcode/profileutil",
    "github.com/bitrise-tools/go-xcode/utility",
    "github.com/bitrise-tools/go-xcode/xcarchive",
    "github.com/bitrise-tools/go-xcode/xcodebuild",
    "github.com/bitrise-tools/go-xcode/xcpretty",
    "github.com/bitrise-tools/xcode-project/serialized",
    "github.com/bitrise-tools/xcode-project/xcodeproj",
    "github.com/bitrise-tools/xcode-project/xcscheme",
    "github.com/bitrise-tools/xcode-project/xcworkspace",
    "github.com/kballard/go-shellquote",
    "github.com/ryanuber/go-glob",
    "howett.net/plist",
  ]
  solver-name = "gps-cdcl"
  solver-version = 1
